
Microsoft Visual Studio Solution File, Format Version 12.00
# Visual Studio Version 16
VisualStudioVersion = 16.0.29230.47
MinimumVisualStudioVersion = 10.0.40219.1
Project("{FAE04EC0-301F-11D3-BF4B-00C04F79EFBC}") = "Curry-Restaurant", "Curry-Restaurant.csproj", "{7E5E59E6-4643-45D9-A0BD-8F18918B056F}"
EndProject
Global
	GlobalSection(SolutionConfigurationPlatforms) = preSolution
		Debug|Any CPU = Debug|Any CPU
		Release|Any CPU = Release|Any CPU
	EndGlobalSection
	GlobalSection(ProjectConfigurationPlatforms) = postSolution
		{7E5E59E6-4643-45D9-A0BD-8F18918B056F}.Debug|Any CPU.ActiveCfg = Debug|Any CPU
		{7E5E59E6-4643-45D9-A0BD-8F18918B056F}.Debug|Any CPU.Build.0 = Debug|Any CPU
		{7E5E59E6-4643-45D9-A0BD-8F18918B056F}.Release|Any CPU.ActiveCfg = Release|Any CPU
		{7E5E59E6-4643-45D9-A0BD-8F18918B056F}.Release|Any CPU.Build.0 = Release|Any CPU
	EndGlobalSection
	GlobalSection(SolutionProperties) = preSolution
		HideSolutionNode = FALSE
	EndGlobalSection
	GlobalSection(ExtensibilityGlobals) = postSolution
		SolutionGuid = {29B78252-76C6-48C8-9762-96EA60995C0A}
	EndGlobalSection
EndGlobal
